
Microsoft Visual Studio Solution File, Format Version 12.00
# Visual Studio Version 16
VisualStudioVersion = 16.0.33214.272
MinimumVisualStudioVersion = 10.0.40219.1
Project("{FAE04EC0-301F-11D3-BF4B-00C04F79EFBC}") = "ClubMembershipapplication", "ClubMembershipapplication\ClubMembershipapplication.csproj", "{8816C56D-5A14-4F52-9855-A4304F9C997F}"
EndProject
Project("{FAE04EC0-301F-11D3-BF4B-00C04F79EFBC}") = "FieldValidatorAPI", "FieldValidatorAPI\FieldValidatorAPI.csproj", "{03DBE50B-6FD0-4695-A957-659EDC5DFA23}"
EndProject
Global
	GlobalSection(SolutionConfigurationPlatforms) = preSolution
		Debug|Any CPU = Debug|Any CPU
		Release|Any CPU = Release|Any CPU
	EndGlobalSection
	GlobalSection(ProjectConfigurationPlatforms) = postSolution
		{8816C56D-5A14-4F52-9855-A4304F9C997F}.Debug|Any CPU.ActiveCfg = Debug|Any CPU
		{8816C56D-5A14-4F52-9855-A4304F9C997F}.Debug|Any CPU.Build.0 = Debug|Any CPU
		{8816C56D-5A14-4F52-9855-A4304F9C997F}.Release|Any CPU.ActiveCfg = Release|Any CPU
		{8816C56D-5A14-4F52-9855-A4304F9C997F}.Release|Any CPU.Build.0 = Release|Any CPU
		{03DBE50B-6FD0-4695-A957-659EDC5DFA23}.Debug|Any CPU.ActiveCfg = Debug|Any CPU
		{03DBE50B-6FD0-4695-A957-659EDC5DFA23}.Debug|Any CPU.Build.0 = Debug|Any CPU
		{03DBE50B-6FD0-4695-A957-659EDC5DFA23}.Release|Any CPU.ActiveCfg = Release|Any CPU
		{03DBE50B-6FD0-4695-A957-659EDC5DFA23}.Release|Any CPU.Build.0 = Release|Any CPU
	EndGlobalSection
	GlobalSection(SolutionProperties) = preSolution
		HideSolutionNode = FALSE
	EndGlobalSection
	GlobalSection(ExtensibilityGlobals) = postSolution
		SolutionGuid = {C500481E-B407-4746-A5C1-C4FBF3005FF7}
	EndGlobalSection
EndGlobal
