
Microsoft Visual Studio Solution File, Format Version 12.00
# Visual Studio Version 16
VisualStudioVersion = 16.0.33214.272
MinimumVisualStudioVersion = 10.0.40219.1
Project("{FAE04EC0-301F-11D3-BF4B-00C04F79EFBC}") = "DelegateBasicExample", "DelegateBasicExample\DelegateBasicExample.csproj", "{3EA3EA1B-8DDF-4B43-B8BE-00D5B69154C2}"
EndProject
Global
	GlobalSection(SolutionConfigurationPlatforms) = preSolution
		Debug|Any CPU = Debug|Any CPU
		Release|Any CPU = Release|Any CPU
	EndGlobalSection
	GlobalSection(ProjectConfigurationPlatforms) = postSolution
		{3EA3EA1B-8DDF-4B43-B8BE-00D5B69154C2}.Debug|Any CPU.ActiveCfg = Debug|Any CPU
		{3EA3EA1B-8DDF-4B43-B8BE-00D5B69154C2}.Debug|Any CPU.Build.0 = Debug|Any CPU
		{3EA3EA1B-8DDF-4B43-B8BE-00D5B69154C2}.Release|Any CPU.ActiveCfg = Release|Any CPU
		{3EA3EA1B-8DDF-4B43-B8BE-00D5B69154C2}.Release|Any CPU.Build.0 = Release|Any CPU
	EndGlobalSection
	GlobalSection(SolutionProperties) = preSolution
		HideSolutionNode = FALSE
	EndGlobalSection
	GlobalSection(ExtensibilityGlobals) = postSolution
		SolutionGuid = {5DF4AFF6-C2D4-45CB-BB12-8E4DDADE8FD3}
	EndGlobalSection
EndGlobal
