
Microsoft Visual Studio Solution File, Format Version 12.00
# Visual Studio 15
VisualStudioVersion = 15.0.33919.361
MinimumVisualStudioVersion = 10.0.40219.1
Project("{FAE04EC0-301F-11D3-BF4B-00C04F79EFBC}") = "CSharpIntermedio", "CSharpIntermedio\CSharpIntermedio.csproj", "{9C46FD94-7C65-4410-9674-1CE2C17709A4}"
EndProject
Project("{FAE04EC0-301F-11D3-BF4B-00C04F79EFBC}") = "Program01_01", "Program01_01\Program01_01.csproj", "{464F7F74-E229-43AB-AE2F-93794A54F70A}"
EndProject
Project("{FAE04EC0-301F-11D3-BF4B-00C04F79EFBC}") = "IEnumerables", "IEnumerables\IEnumerables.csproj", "{3A8C56A5-F4EC-4419-8627-D44F59806B05}"
EndProject
Global
	GlobalSection(SolutionConfigurationPlatforms) = preSolution
		Debug|Any CPU = Debug|Any CPU
		Release|Any CPU = Release|Any CPU
	EndGlobalSection
	GlobalSection(ProjectConfigurationPlatforms) = postSolution
		{9C46FD94-7C65-4410-9674-1CE2C17709A4}.Debug|Any CPU.ActiveCfg = Debug|Any CPU
		{9C46FD94-7C65-4410-9674-1CE2C17709A4}.Debug|Any CPU.Build.0 = Debug|Any CPU
		{9C46FD94-7C65-4410-9674-1CE2C17709A4}.Release|Any CPU.ActiveCfg = Release|Any CPU
		{9C46FD94-7C65-4410-9674-1CE2C17709A4}.Release|Any CPU.Build.0 = Release|Any CPU
		{464F7F74-E229-43AB-AE2F-93794A54F70A}.Debug|Any CPU.ActiveCfg = Debug|Any CPU
		{464F7F74-E229-43AB-AE2F-93794A54F70A}.Debug|Any CPU.Build.0 = Debug|Any CPU
		{464F7F74-E229-43AB-AE2F-93794A54F70A}.Release|Any CPU.ActiveCfg = Release|Any CPU
		{464F7F74-E229-43AB-AE2F-93794A54F70A}.Release|Any CPU.Build.0 = Release|Any CPU
		{3A8C56A5-F4EC-4419-8627-D44F59806B05}.Debug|Any CPU.ActiveCfg = Debug|Any CPU
		{3A8C56A5-F4EC-4419-8627-D44F59806B05}.Debug|Any CPU.Build.0 = Debug|Any CPU
		{3A8C56A5-F4EC-4419-8627-D44F59806B05}.Release|Any CPU.ActiveCfg = Release|Any CPU
		{3A8C56A5-F4EC-4419-8627-D44F59806B05}.Release|Any CPU.Build.0 = Release|Any CPU
	EndGlobalSection
	GlobalSection(SolutionProperties) = preSolution
		HideSolutionNode = FALSE
	EndGlobalSection
	GlobalSection(ExtensibilityGlobals) = postSolution
		SolutionGuid = {D45EC9FF-7820-422B-94E1-5D5475EA3607}
	EndGlobalSection
EndGlobal
